// !$*UTF8*$!
{
	archiveVersion = 1;
	classes = {
	};
	objectVersion = 50;
	objects = {

/* Begin PBXBuildFile section */
		07CB65CCBFADD8E5E94F2A90 /* Pods_LaboSwiftUI_LaboSwiftUIUITests.framework in Frameworks */ = {isa = PBXBuildFile; fileRef = 9F2BC70349E9DF1AE746C98E /* Pods_LaboSwiftUI_LaboSwiftUIUITests.framework */; };
		BE18BC7E2621E99E00282243 /* LaboSwiftUIApp.swift in Sources */ = {isa = PBXBuildFile; fileRef = BE18BC7D2621E99E00282243 /* LaboSwiftUIApp.swift */; };
		BE18BC802621E99E00282243 /* ContentView.swift in Sources */ = {isa = PBXBuildFile; fileRef = BE18BC7F2621E99E00282243 /* ContentView.swift */; };
		BE18BC822621E99F00282243 /* Assets.xcassets in Resources */ = {isa = PBXBuildFile; fileRef = BE18BC812621E99F00282243 /* Assets.xcassets */; };
		BE18BC852621E99F00282243 /* Preview Assets.xcassets in Resources */ = {isa = PBXBuildFile; fileRef = BE18BC842621E99F00282243 /* Preview Assets.xcassets */; };
		BE18BC902621E99F00282243 /* LaboSwiftUITests.swift in Sources */ = {isa = PBXBuildFile; fileRef = BE18BC8F2621E99F00282243 /* LaboSwiftUITests.swift */; };
		BE18BC9B2621E99F00282243 /* LaboSwiftUIUITests.swift in Sources */ = {isa = PBXBuildFile; fileRef = BE18BC9A2621E99F00282243 /* LaboSwiftUIUITests.swift */; };
		BE5C4A3A27B7CABE00F0C114 /* CollectionsView.swift in Sources */ = {isa = PBXBuildFile; fileRef = BE5C4A3927B7CABE00F0C114 /* CollectionsView.swift */; };
		BE5C4A3C27B7D2BD00F0C114 /* CollectionRepository.swift in Sources */ = {isa = PBXBuildFile; fileRef = BE5C4A3B27B7D2BD00F0C114 /* CollectionRepository.swift */; };
		BE5C4A3F27B7D40C00F0C114 /* Collection.swift in Sources */ = {isa = PBXBuildFile; fileRef = BE5C4A3E27B7D40C00F0C114 /* Collection.swift */; };
		BE5C4A4127B7E59600F0C114 /* CollectionsResponse.swift in Sources */ = {isa = PBXBuildFile; fileRef = BE5C4A4027B7E59600F0C114 /* CollectionsResponse.swift */; };
		BE5C4A4427B8D89600F0C114 /* CollectionDetailView.swift in Sources */ = {isa = PBXBuildFile; fileRef = BE5C4A4327B8D89600F0C114 /* CollectionDetailView.swift */; };
		BE67BAAB27B90AD500795B94 /* CollectionListItem.swift in Sources */ = {isa = PBXBuildFile; fileRef = BE67BAAA27B90AD500795B94 /* CollectionListItem.swift */; };
		BE67BAAD27B9387F00795B94 /* CollectionStats.swift in Sources */ = {isa = PBXBuildFile; fileRef = BE67BAAC27B9387F00795B94 /* CollectionStats.swift */; };
		BE67BAAF27BA0FB200795B94 /* CollectionPrimaryAssetsContract.swift in Sources */ = {isa = PBXBuildFile; fileRef = BE67BAAE27BA0FB200795B94 /* CollectionPrimaryAssetsContract.swift */; };
		BEB4D07627E02AC5009107F6 /* ColorSchemePreview.swift in Sources */ = {isa = PBXBuildFile; fileRef = BEB4D07527E02AC5009107F6 /* ColorSchemePreview.swift */; };
		BEB4D07927E04B91009107F6 /* CollectionsViewModel.swift in Sources */ = {isa = PBXBuildFile; fileRef = BEB4D07827E04B91009107F6 /* CollectionsViewModel.swift */; };
		BEC8FA6D27BCB38200106457 /* LoadingState.swift in Sources */ = {isa = PBXBuildFile; fileRef = BEC8FA6C27BCB38200106457 /* LoadingState.swift */; };
		BEC8FAC527E0109500106457 /* PreviewProvider.swift in Sources */ = {isa = PBXBuildFile; fileRef = BEC8FAC427E0109500106457 /* PreviewProvider.swift */; };
		BEFAF79A263D738F00038D0A /* APIError.swift in Sources */ = {isa = PBXBuildFile; fileRef = BEFAF799263D738F00038D0A /* APIError.swift */; };
		BF5653EB3D16870C2AD41296 /* Pods_LaboSwiftUITests.framework in Frameworks */ = {isa = PBXBuildFile; fileRef = 7026E8E845D4AF25CD0CBF2F /* Pods_LaboSwiftUITests.framework */; };
/* End PBXBuildFile section */

/* Begin PBXContainerItemProxy section */
		BE18BC8C2621E99F00282243 /* PBXContainerItemProxy */ = {
			isa = PBXContainerItemProxy;
			containerPortal = BE18BC722621E99E00282243 /* Project object */;
			proxyType = 1;
			remoteGlobalIDString = BE18BC792621E99E00282243;
			remoteInfo = LaboSwiftUI;
		};
		BE18BC972621E99F00282243 /* PBXContainerItemProxy */ = {
			isa = PBXContainerItemProxy;
			containerPortal = BE18BC722621E99E00282243 /* Project object */;
			proxyType = 1;
			remoteGlobalIDString = BE18BC792621E99E00282243;
			remoteInfo = LaboSwiftUI;
		};
/* End PBXContainerItemProxy section */

/* Begin PBXFileReference section */
		7026E8E845D4AF25CD0CBF2F /* Pods_LaboSwiftUITests.framework */ = {isa = PBXFileReference; explicitFileType = wrapper.framework; includeInIndex = 0; path = Pods_LaboSwiftUITests.framework; sourceTree = BUILT_PRODUCTS_DIR; };
		819FF3330A1E55AE3B242501 /* Pods_LaboSwiftUI.framework */ = {isa = PBXFileReference; explicitFileType = wrapper.framework; includeInIndex = 0; path = Pods_LaboSwiftUI.framework; sourceTree = BUILT_PRODUCTS_DIR; };
		9F2BC70349E9DF1AE746C98E /* Pods_LaboSwiftUI_LaboSwiftUIUITests.framework */ = {isa = PBXFileReference; explicitFileType = wrapper.framework; includeInIndex = 0; path = Pods_LaboSwiftUI_LaboSwiftUIUITests.framework; sourceTree = BUILT_PRODUCTS_DIR; };
		BE18BC7A2621E99E00282243 /* LaboSwiftUI.app */ = {isa = PBXFileReference; explicitFileType = wrapper.application; includeInIndex = 0; path = LaboSwiftUI.app; sourceTree = BUILT_PRODUCTS_DIR; };
		BE18BC7D2621E99E00282243 /* LaboSwiftUIApp.swift */ = {isa = PBXFileReference; lastKnownFileType = sourcecode.swift; path = LaboSwiftUIApp.swift; sourceTree = "<group>"; };
		BE18BC7F2621E99E00282243 /* ContentView.swift */ = {isa = PBXFileReference; lastKnownFileType = sourcecode.swift; path = ContentView.swift; sourceTree = "<group>"; };
		BE18BC812621E99F00282243 /* Assets.xcassets */ = {isa = PBXFileReference; lastKnownFileType = folder.assetcatalog; path = Assets.xcassets; sourceTree = "<group>"; };
		BE18BC842621E99F00282243 /* Preview Assets.xcassets */ = {isa = PBXFileReference; lastKnownFileType = folder.assetcatalog; path = "Preview Assets.xcassets"; sourceTree = "<group>"; };
		BE18BC862621E99F00282243 /* Info.plist */ = {isa = PBXFileReference; lastKnownFileType = text.plist.xml; path = Info.plist; sourceTree = "<group>"; };
		BE18BC8B2621E99F00282243 /* LaboSwiftUITests.xctest */ = {isa = PBXFileReference; explicitFileType = wrapper.cfbundle; includeInIndex = 0; path = LaboSwiftUITests.xctest; sourceTree = BUILT_PRODUCTS_DIR; };
		BE18BC8F2621E99F00282243 /* LaboSwiftUITests.swift */ = {isa = PBXFileReference; lastKnownFileType = sourcecode.swift; path = LaboSwiftUITests.swift; sourceTree = "<group>"; };
		BE18BC912621E99F00282243 /* Info.plist */ = {isa = PBXFileReference; lastKnownFileType = text.plist.xml; path = Info.plist; sourceTree = "<group>"; };
		BE18BC962621E99F00282243 /* LaboSwiftUIUITests.xctest */ = {isa = PBXFileReference; explicitFileType = wrapper.cfbundle; includeInIndex = 0; path = LaboSwiftUIUITests.xctest; sourceTree = BUILT_PRODUCTS_DIR; };
		BE18BC9A2621E99F00282243 /* LaboSwiftUIUITests.swift */ = {isa = PBXFileReference; lastKnownFileType = sourcecode.swift; path = LaboSwiftUIUITests.swift; sourceTree = "<group>"; };
		BE18BC9C2621E99F00282243 /* Info.plist */ = {isa = PBXFileReference; lastKnownFileType = text.plist.xml; path = Info.plist; sourceTree = "<group>"; };
		BE5C4A3927B7CABE00F0C114 /* CollectionsView.swift */ = {isa = PBXFileReference; lastKnownFileType = sourcecode.swift; path = CollectionsView.swift; sourceTree = "<group>"; };
		BE5C4A3B27B7D2BD00F0C114 /* CollectionRepository.swift */ = {isa = PBXFileReference; lastKnownFileType = sourcecode.swift; path = CollectionRepository.swift; sourceTree = "<group>"; };
		BE5C4A3E27B7D40C00F0C114 /* Collection.swift */ = {isa = PBXFileReference; lastKnownFileType = sourcecode.swift; path = Collection.swift; sourceTree = "<group>"; };
		BE5C4A4027B7E59600F0C114 /* CollectionsResponse.swift */ = {isa = PBXFileReference; lastKnownFileType = sourcecode.swift; path = CollectionsResponse.swift; sourceTree = "<group>"; };
		BE5C4A4327B8D89600F0C114 /* CollectionDetailView.swift */ = {isa = PBXFileReference; lastKnownFileType = sourcecode.swift; path = CollectionDetailView.swift; sourceTree = "<group>"; };
		BE67BAAA27B90AD500795B94 /* CollectionListItem.swift */ = {isa = PBXFileReference; lastKnownFileType = sourcecode.swift; path = CollectionListItem.swift; sourceTree = "<group>"; };
		BE67BAAC27B9387F00795B94 /* CollectionStats.swift */ = {isa = PBXFileReference; lastKnownFileType = sourcecode.swift; path = CollectionStats.swift; sourceTree = "<group>"; };
		BE67BAAE27BA0FB200795B94 /* CollectionPrimaryAssetsContract.swift */ = {isa = PBXFileReference; lastKnownFileType = sourcecode.swift; path = CollectionPrimaryAssetsContract.swift; sourceTree = "<group>"; };
		BEB4D07527E02AC5009107F6 /* ColorSchemePreview.swift */ = {isa = PBXFileReference; lastKnownFileType = sourcecode.swift; path = ColorSchemePreview.swift; sourceTree = "<group>"; };
		BEB4D07827E04B91009107F6 /* CollectionsViewModel.swift */ = {isa = PBXFileReference; lastKnownFileType = sourcecode.swift; path = CollectionsViewModel.swift; sourceTree = "<group>"; };
		BEC8FA6C27BCB38200106457 /* LoadingState.swift */ = {isa = PBXFileReference; lastKnownFileType = sourcecode.swift; path = LoadingState.swift; sourceTree = "<group>"; };
		BEC8FAC427E0109500106457 /* PreviewProvider.swift */ = {isa = PBXFileReference; lastKnownFileType = sourcecode.swift; path = PreviewProvider.swift; sourceTree = "<group>"; };
		BEF3C17C28F1507D00D54605 /* README.md */ = {isa = PBXFileReference; lastKnownFileType = net.daringfireball.markdown; path = README.md; sourceTree = "<group>"; };
		BEF3C17D28F150F300D54605 /* .xcode-version */ = {isa = PBXFileReference; lastKnownFileType = text; path = ".xcode-version"; sourceTree = "<group>"; };
		BEFAF799263D738F00038D0A /* APIError.swift */ = {isa = PBXFileReference; lastKnownFileType = sourcecode.swift; path = APIError.swift; sourceTree = "<group>"; };
/* End PBXFileReference section */

/* Begin PBXFrameworksBuildPhase section */
		BE18BC772621E99E00282243 /* Frameworks */ = {
			isa = PBXFrameworksBuildPhase;
			buildActionMask = 2147483647;
			files = (
			);
			runOnlyForDeploymentPostprocessing = 0;
		};
		BE18BC882621E99F00282243 /* Frameworks */ = {
			isa = PBXFrameworksBuildPhase;
			buildActionMask = 2147483647;
			files = (
				BF5653EB3D16870C2AD41296 /* Pods_LaboSwiftUITests.framework in Frameworks */,
			);
			runOnlyForDeploymentPostprocessing = 0;
		};
		BE18BC932621E99F00282243 /* Frameworks */ = {
			isa = PBXFrameworksBuildPhase;
			buildActionMask = 2147483647;
			files = (
				07CB65CCBFADD8E5E94F2A90 /* Pods_LaboSwiftUI_LaboSwiftUIUITests.framework in Frameworks */,
			);
			runOnlyForDeploymentPostprocessing = 0;
		};
/* End PBXFrameworksBuildPhase section */

/* Begin PBXGroup section */
		34FD37235323BC5C7E7165A6 /* Frameworks */ = {
			isa = PBXGroup;
			children = (
				819FF3330A1E55AE3B242501 /* Pods_LaboSwiftUI.framework */,
				9F2BC70349E9DF1AE746C98E /* Pods_LaboSwiftUI_LaboSwiftUIUITests.framework */,
				7026E8E845D4AF25CD0CBF2F /* Pods_LaboSwiftUITests.framework */,
			);
			name = Frameworks;
			sourceTree = "<group>";
		};
		BE18BC712621E99E00282243 = {
			isa = PBXGroup;
			children = (
				BEF3C17D28F150F300D54605 /* .xcode-version */,
				BEF3C17C28F1507D00D54605 /* README.md */,
				BE18BC7C2621E99E00282243 /* LaboSwiftUI */,
				BE18BC8E2621E99F00282243 /* LaboSwiftUITests */,
				BE18BC992621E99F00282243 /* LaboSwiftUIUITests */,
				BE18BC7B2621E99E00282243 /* Products */,
				34FD37235323BC5C7E7165A6 /* Frameworks */,
			);
			sourceTree = "<group>";
		};
		BE18BC7B2621E99E00282243 /* Products */ = {
			isa = PBXGroup;
			children = (
				BE18BC7A2621E99E00282243 /* LaboSwiftUI.app */,
				BE18BC8B2621E99F00282243 /* LaboSwiftUITests.xctest */,
				BE18BC962621E99F00282243 /* LaboSwiftUIUITests.xctest */,
			);
			name = Products;
			sourceTree = "<group>";
		};
		BE18BC7C2621E99E00282243 /* LaboSwiftUI */ = {
			isa = PBXGroup;
			children = (
				BE18BC7D2621E99E00282243 /* LaboSwiftUIApp.swift */,
				BE18BCB42622E26300282243 /* Views */,
				BEFAF792263D6DD300038D0A /* Repositories */,
				BE18BCC6262307BB00282243 /* Models */,
				BEFAF79E263D925000038D0A /* Utilities */,
				BEC8FAC327E0106E00106457 /* Extensions */,
				BE18BC812621E99F00282243 /* Assets.xcassets */,
				BE18BC862621E99F00282243 /* Info.plist */,
				BE18BC832621E99F00282243 /* Preview Content */,
			);
			path = LaboSwiftUI;
			sourceTree = "<group>";
		};
		BE18BC832621E99F00282243 /* Preview Content */ = {
			isa = PBXGroup;
			children = (
				BE18BC842621E99F00282243 /* Preview Assets.xcassets */,
			);
			path = "Preview Content";
			sourceTree = "<group>";
		};
		BE18BC8E2621E99F00282243 /* LaboSwiftUITests */ = {
			isa = PBXGroup;
			children = (
				BE18BC8F2621E99F00282243 /* LaboSwiftUITests.swift */,
				BE18BC912621E99F00282243 /* Info.plist */,
			);
			path = LaboSwiftUITests;
			sourceTree = "<group>";
		};
		BE18BC992621E99F00282243 /* LaboSwiftUIUITests */ = {
			isa = PBXGroup;
			children = (
				BE18BC9A2621E99F00282243 /* LaboSwiftUIUITests.swift */,
				BE18BC9C2621E99F00282243 /* Info.plist */,
			);
			path = LaboSwiftUIUITests;
			sourceTree = "<group>";
		};
		BE18BCB42622E26300282243 /* Views */ = {
			isa = PBXGroup;
			children = (
				BE5E536E263C1E8400E61F75 /* Components */,
				BEC8FAC127DDE98100106457 /* Screens */,
				BEB4D07427E02A8D009107F6 /* Previews */,
			);
			path = Views;
			sourceTree = "<group>";
		};
		BE18BCC6262307BB00282243 /* Models */ = {
			isa = PBXGroup;
			children = (
				BEFAF799263D738F00038D0A /* APIError.swift */,
				BE5C4A3D27B7D3EE00F0C114 /* OpenSea */,
			);
			path = Models;
			sourceTree = "<group>";
		};
		BE5C4A3D27B7D3EE00F0C114 /* OpenSea */ = {
			isa = PBXGroup;
			children = (
				BE5C4A3E27B7D40C00F0C114 /* Collection.swift */,
				BE5C4A4027B7E59600F0C114 /* CollectionsResponse.swift */,
				BE67BAAC27B9387F00795B94 /* CollectionStats.swift */,
				BE67BAAE27BA0FB200795B94 /* CollectionPrimaryAssetsContract.swift */,
			);
			path = OpenSea;
			sourceTree = "<group>";
		};
		BE5E536E263C1E8400E61F75 /* Components */ = {
			isa = PBXGroup;
			children = (
				BE67BAAA27B90AD500795B94 /* CollectionListItem.swift */,
			);
			path = Components;
			sourceTree = "<group>";
		};
		BEB4D07427E02A8D009107F6 /* Previews */ = {
			isa = PBXGroup;
			children = (
				BEB4D07527E02AC5009107F6 /* ColorSchemePreview.swift */,
			);
			path = Previews;
			sourceTree = "<group>";
		};
		BEB4D07727E04B79009107F6 /* Collections */ = {
			isa = PBXGroup;
			children = (
				BE5C4A3927B7CABE00F0C114 /* CollectionsView.swift */,
				BEB4D07827E04B91009107F6 /* CollectionsViewModel.swift */,
			);
			path = Collections;
			sourceTree = "<group>";
		};
		BEC8FAC127DDE98100106457 /* Screens */ = {
			isa = PBXGroup;
			children = (
				BE18BC7F2621E99E00282243 /* ContentView.swift */,
				BEB4D07727E04B79009107F6 /* Collections */,
				BE5C4A4327B8D89600F0C114 /* CollectionDetailView.swift */,
			);
			path = Screens;
			sourceTree = "<group>";
		};
		BEC8FAC327E0106E00106457 /* Extensions */ = {
			isa = PBXGroup;
			children = (
				BEC8FAC427E0109500106457 /* PreviewProvider.swift */,
			);
			path = Extensions;
			sourceTree = "<group>";
		};
		BEFAF792263D6DD300038D0A /* Repositories */ = {
			isa = PBXGroup;
			children = (
				BE5C4A3B27B7D2BD00F0C114 /* CollectionRepository.swift */,
			);
			path = Repositories;
			sourceTree = "<group>";
		};
		BEFAF79E263D925000038D0A /* Utilities */ = {
			isa = PBXGroup;
			children = (
				BEC8FA6C27BCB38200106457 /* LoadingState.swift */,
			);
			path = Utilities;
			sourceTree = "<group>";
		};
/* End PBXGroup section */

/* Begin PBXNativeTarget section */
		BE18BC792621E99E00282243 /* LaboSwiftUI */ = {
			isa = PBXNativeTarget;
			buildConfigurationList = BE18BC9F2621E99F00282243 /* Build configuration list for PBXNativeTarget "LaboSwiftUI" */;
			buildPhases = (
				BE18BC762621E99E00282243 /* Sources */,
				BE18BC772621E99E00282243 /* Frameworks */,
				BE18BC782621E99E00282243 /* Resources */,
			);
			buildRules = (
			);
			dependencies = (
			);
			name = LaboSwiftUI;
			productName = LaboSwiftUI;
			productReference = BE18BC7A2621E99E00282243 /* LaboSwiftUI.app */;
			productType = "com.apple.product-type.application";
		};
		BE18BC8A2621E99F00282243 /* LaboSwiftUITests */ = {
			isa = PBXNativeTarget;
			buildConfigurationList = BE18BCA22621E99F00282243 /* Build configuration list for PBXNativeTarget "LaboSwiftUITests" */;
			buildPhases = (
				0B358E368C376CBA6FE576C9 /* [CP] Check Pods Manifest.lock */,
				BE18BC872621E99F00282243 /* Sources */,
				BE18BC882621E99F00282243 /* Frameworks */,
				BE18BC892621E99F00282243 /* Resources */,
			);
			buildRules = (
			);
			dependencies = (
				BE18BC8D2621E99F00282243 /* PBXTargetDependency */,
			);
			name = LaboSwiftUITests;
			productName = LaboSwiftUITests;
			productReference = BE18BC8B2621E99F00282243 /* LaboSwiftUITests.xctest */;
			productType = "com.apple.product-type.bundle.unit-test";
		};
		BE18BC952621E99F00282243 /* LaboSwiftUIUITests */ = {
			isa = PBXNativeTarget;
			buildConfigurationList = BE18BCA52621E99F00282243 /* Build configuration list for PBXNativeTarget "LaboSwiftUIUITests" */;
			buildPhases = (
				7A02C9D1F2E7B4D11A220448 /* [CP] Check Pods Manifest.lock */,
				BE18BC922621E99F00282243 /* Sources */,
				BE18BC932621E99F00282243 /* Frameworks */,
				BE18BC942621E99F00282243 /* Resources */,
			);
			buildRules = (
			);
			dependencies = (
				BE18BC982621E99F00282243 /* PBXTargetDependency */,
			);
			name = LaboSwiftUIUITests;
			productName = LaboSwiftUIUITests;
			productReference = BE18BC962621E99F00282243 /* LaboSwiftUIUITests.xctest */;
			productType = "com.apple.product-type.bundle.ui-testing";
		};
/* End PBXNativeTarget section */

/* Begin PBXProject section */
		BE18BC722621E99E00282243 /* Project object */ = {
			isa = PBXProject;
			attributes = {
				LastSwiftUpdateCheck = 1240;
				LastUpgradeCheck = 1240;
				TargetAttributes = {
					BE18BC792621E99E00282243 = {
						CreatedOnToolsVersion = 12.4;
					};
					BE18BC8A2621E99F00282243 = {
						CreatedOnToolsVersion = 12.4;
						TestTargetID = BE18BC792621E99E00282243;
					};
					BE18BC952621E99F00282243 = {
						CreatedOnToolsVersion = 12.4;
						TestTargetID = BE18BC792621E99E00282243;
					};
				};
			};
			buildConfigurationList = BE18BC752621E99E00282243 /* Build configuration list for PBXProject "LaboSwiftUI" */;
			compatibilityVersion = "Xcode 9.3";
			developmentRegion = en;
			hasScannedForEncodings = 0;
			knownRegions = (
				en,
				Base,
			);
			mainGroup = BE18BC712621E99E00282243;
			productRefGroup = BE18BC7B2621E99E00282243 /* Products */;
			projectDirPath = "";
			projectRoot = "";
			targets = (
				BE18BC792621E99E00282243 /* LaboSwiftUI */,
				BE18BC8A2621E99F00282243 /* LaboSwiftUITests */,
				BE18BC952621E99F00282243 /* LaboSwiftUIUITests */,
			);
		};
/* End PBXProject section */

/* Begin PBXResourcesBuildPhase section */
		BE18BC782621E99E00282243 /* Resources */ = {
			isa = PBXResourcesBuildPhase;
			buildActionMask = 2147483647;
			files = (
				BE18BC852621E99F00282243 /* Preview Assets.xcassets in Resources */,
				BE18BC822621E99F00282243 /* Assets.xcassets in Resources */,
			);
			runOnlyForDeploymentPostprocessing = 0;
		};
		BE18BC892621E99F00282243 /* Resources */ = {
			isa = PBXResourcesBuildPhase;
			buildActionMask = 2147483647;
			files = (
			);
			runOnlyForDeploymentPostprocessing = 0;
		};
		BE18BC942621E99F00282243 /* Resources */ = {
			isa = PBXResourcesBuildPhase;
			buildActionMask = 2147483647;
			files = (
			);
			runOnlyForDeploymentPostprocessing = 0;
		};
/* End PBXResourcesBuildPhase section */

/* Begin PBXShellScriptBuildPhase section */
		0B358E368C376CBA6FE576C9 /* [CP] Check Pods Manifest.lock */ = {
			isa = PBXShellScriptBuildPhase;
			buildActionMask = 2147483647;
			files = (
			);
			inputFileListPaths = (
			);
			inputPaths = (
				"${PODS_PODFILE_DIR_PATH}/Podfile.lock",
				"${PODS_ROOT}/Manifest.lock",
			);
			name = "[CP] Check Pods Manifest.lock";
			outputFileListPaths = (
			);
			outputPaths = (
				"$(DERIVED_FILE_DIR)/Pods-LaboSwiftUITests-checkManifestLockResult.txt",
			);
			runOnlyForDeploymentPostprocessing = 0;
			shellPath = /bin/sh;
			shellScript = "diff \"${PODS_PODFILE_DIR_PATH}/Podfile.lock\" \"${PODS_ROOT}/Manifest.lock\" > /dev/null\nif [ $? != 0 ] ; then\n    # print error to STDERR\n    echo \"error: The sandbox is not in sync with the Podfile.lock. Run 'pod install' or update your CocoaPods installation.\" >&2\n    exit 1\nfi\n# This output is used by Xcode 'outputs' to avoid re-running this script phase.\necho \"SUCCESS\" > \"${SCRIPT_OUTPUT_FILE_0}\"\n";
			showEnvVarsInLog = 0;
		};
		7A02C9D1F2E7B4D11A220448 /* [CP] Check Pods Manifest.lock */ = {
			isa = PBXShellScriptBuildPhase;
			buildActionMask = 2147483647;
			files = (
			);
			inputFileListPaths = (
			);
			inputPaths = (
				"${PODS_PODFILE_DIR_PATH}/Podfile.lock",
				"${PODS_ROOT}/Manifest.lock",
			);
			name = "[CP] Check Pods Manifest.lock";
			outputFileListPaths = (
			);
			outputPaths = (
				"$(DERIVED_FILE_DIR)/Pods-LaboSwiftUI-LaboSwiftUIUITests-checkManifestLockResult.txt",
			);
			runOnlyForDeploymentPostprocessing = 0;
			shellPath = /bin/sh;
			shellScript = "diff \"${PODS_PODFILE_DIR_PATH}/Podfile.lock\" \"${PODS_ROOT}/Manifest.lock\" > /dev/null\nif [ $? != 0 ] ; then\n    # print error to STDERR\n    echo \"error: The sandbox is not in sync with the Podfile.lock. Run 'pod install' or update your CocoaPods installation.\" >&2\n    exit 1\nfi\n# This output is used by Xcode 'outputs' to avoid re-running this script phase.\necho \"SUCCESS\" > \"${SCRIPT_OUTPUT_FILE_0}\"\n";
			showEnvVarsInLog = 0;
		};
/* End PBXShellScriptBuildPhase section */

/* Begin PBXSourcesBuildPhase section */
		BE18BC762621E99E00282243 /* Sources */ = {
			isa = PBXSourcesBuildPhase;
			buildActionMask = 2147483647;
			files = (
				BEFAF79A263D738F00038D0A /* APIError.swift in Sources */,
				BE5C4A3A27B7CABE00F0C114 /* CollectionsView.swift in Sources */,
				BE5C4A3C27B7D2BD00F0C114 /* CollectionRepository.swift in Sources */,
				BE67BAAD27B9387F00795B94 /* CollectionStats.swift in Sources */,
				BE18BC802621E99E00282243 /* ContentView.swift in Sources */,
				BEC8FAC527E0109500106457 /* PreviewProvider.swift in Sources */,
				BEB4D07927E04B91009107F6 /* CollectionsViewModel.swift in Sources */,
				BE5C4A3F27B7D40C00F0C114 /* Collection.swift in Sources */,
				BE67BAAF27BA0FB200795B94 /* CollectionPrimaryAssetsContract.swift in Sources */,
				BEB4D07627E02AC5009107F6 /* ColorSchemePreview.swift in Sources */,
				BEC8FA6D27BCB38200106457 /* LoadingState.swift in Sources */,
				BE18BC7E2621E99E00282243 /* LaboSwiftUIApp.swift in Sources */,
				BE67BAAB27B90AD500795B94 /* CollectionListItem.swift in Sources */,
				BE5C4A4127B7E59600F0C114 /* CollectionsResponse.swift in Sources */,
				BE5C4A4427B8D89600F0C114 /* CollectionDetailView.swift in Sources */,
			);
			runOnlyForDeploymentPostprocessing = 0;
		};
		BE18BC872621E99F00282243 /* Sources */ = {
			isa = PBXSourcesBuildPhase;
			buildActionMask = 2147483647;
			files = (
				BE18BC902621E99F00282243 /* LaboSwiftUITests.swift in Sources */,
			);
			runOnlyForDeploymentPostprocessing = 0;
		};
		BE18BC922621E99F00282243 /* Sources */ = {
			isa = PBXSourcesBuildPhase;
			buildActionMask = 2147483647;
			files = (
				BE18BC9B2621E99F00282243 /* LaboSwiftUIUITests.swift in Sources */,
			);
			runOnlyForDeploymentPostprocessing = 0;
		};
/* End PBXSourcesBuildPhase section */

/* Begin PBXTargetDependency section */
		BE18BC8D2621E99F00282243 /* PBXTargetDependency */ = {
			isa = PBXTargetDependency;
			target = BE18BC792621E99E00282243 /* LaboSwiftUI */;
			targetProxy = BE18BC8C2621E99F00282243 /* PBXContainerItemProxy */;
		};
		BE18BC982621E99F00282243 /* PBXTargetDependency */ = {
			isa = PBXTargetDependency;
			target = BE18BC792621E99E00282243 /* LaboSwiftUI */;
			targetProxy = BE18BC972621E99F00282243 /* PBXContainerItemProxy */;
		};
/* End PBXTargetDependency section */

/* Begin XCBuildConfiguration section */
		BE18BC9D2621E99F00282243 /* Debug */ = {
			isa = XCBuildConfiguration;
			buildSettings = {
				ALWAYS_SEARCH_USER_PATHS = NO;
				CLANG_ANALYZER_NONNULL = YES;
				CLANG_ANALYZER_NUMBER_OBJECT_CONVERSION = YES_AGGRESSIVE;
				CLANG_CXX_LANGUAGE_STANDARD = "gnu++14";
				CLANG_CXX_LIBRARY = "libc++";
				CLANG_ENABLE_MODULES = YES;
				CLANG_ENABLE_OBJC_ARC = YES;
				CLANG_ENABLE_OBJC_WEAK = YES;
				CLANG_WARN_BLOCK_CAPTURE_AUTORELEASING = YES;
				CLANG_WARN_BOOL_CONVERSION = YES;
				CLANG_WARN_COMMA = YES;
				CLANG_WARN_CONSTANT_CONVERSION = YES;
				CLANG_WARN_DEPRECATED_OBJC_IMPLEMENTATIONS = YES;
				CLANG_WARN_DIRECT_OBJC_ISA_USAGE = YES_ERROR;
				CLANG_WARN_DOCUMENTATION_COMMENTS = YES;
				CLANG_WARN_EMPTY_BODY = YES;
				CLANG_WARN_ENUM_CONVERSION = YES;
				CLANG_WARN_INFINITE_RECURSION = YES;
				CLANG_WARN_INT_CONVERSION = YES;
				CLANG_WARN_NON_LITERAL_NULL_CONVERSION = YES;
				CLANG_WARN_OBJC_IMPLICIT_RETAIN_SELF = YES;
				CLANG_WARN_OBJC_LITERAL_CONVERSION = YES;
				CLANG_WARN_OBJC_ROOT_CLASS = YES_ERROR;
				CLANG_WARN_QUOTED_INCLUDE_IN_FRAMEWORK_HEADER = YES;
				CLANG_WARN_RANGE_LOOP_ANALYSIS = YES;
				CLANG_WARN_STRICT_PROTOTYPES = YES;
				CLANG_WARN_SUSPICIOUS_MOVE = YES;
				CLANG_WARN_UNGUARDED_AVAILABILITY = YES_AGGRESSIVE;
				CLANG_WARN_UNREACHABLE_CODE = YES;
				CLANG_WARN__DUPLICATE_METHOD_MATCH = YES;
				COPY_PHASE_STRIP = NO;
				DEBUG_INFORMATION_FORMAT = dwarf;
				ENABLE_STRICT_OBJC_MSGSEND = YES;
				ENABLE_TESTABILITY = YES;
				GCC_C_LANGUAGE_STANDARD = gnu11;
				GCC_DYNAMIC_NO_PIC = NO;
				GCC_NO_COMMON_BLOCKS = YES;
				GCC_OPTIMIZATION_LEVEL = 0;
				GCC_PREPROCESSOR_DEFINITIONS = (
					"DEBUG=1",
					"$(inherited)",
				);
				GCC_WARN_64_TO_32_BIT_CONVERSION = YES;
				GCC_WARN_ABOUT_RETURN_TYPE = YES_ERROR;
				GCC_WARN_UNDECLARED_SELECTOR = YES;
				GCC_WARN_UNINITIALIZED_AUTOS = YES_AGGRESSIVE;
				GCC_WARN_UNUSED_FUNCTION = YES;
				GCC_WARN_UNUSED_VARIABLE = YES;
				IPHONEOS_DEPLOYMENT_TARGET = 14.4;
				MTL_ENABLE_DEBUG_INFO = INCLUDE_SOURCE;
				MTL_FAST_MATH = YES;
				ONLY_ACTIVE_ARCH = YES;
				SDKROOT = iphoneos;
				SWIFT_ACTIVE_COMPILATION_CONDITIONS = DEBUG;
				SWIFT_OPTIMIZATION_LEVEL = "-Onone";
			};
			name = Debug;
		};
		BE18BC9E2621E99F00282243 /* Release */ = {
			isa = XCBuildConfiguration;
			buildSettings = {
				ALWAYS_SEARCH_USER_PATHS = NO;
				CLANG_ANALYZER_NONNULL = YES;
				CLANG_ANALYZER_NUMBER_OBJECT_CONVERSION = YES_AGGRESSIVE;
				CLANG_CXX_LANGUAGE_STANDARD = "gnu++14";
				CLANG_CXX_LIBRARY = "libc++";
				CLANG_ENABLE_MODULES = YES;
				CLANG_ENABLE_OBJC_ARC = YES;
				CLANG_ENABLE_OBJC_WEAK = YES;
				CLANG_WARN_BLOCK_CAPTURE_AUTORELEASING = YES;
				CLANG_WARN_BOOL_CONVERSION = YES;
				CLANG_WARN_COMMA = YES;
				CLANG_WARN_CONSTANT_CONVERSION = YES;
				CLANG_WARN_DEPRECATED_OBJC_IMPLEMENTATIONS = YES;
				CLANG_WARN_DIRECT_OBJC_ISA_USAGE = YES_ERROR;
				CLANG_WARN_DOCUMENTATION_COMMENTS = YES;
				CLANG_WARN_EMPTY_BODY = YES;
				CLANG_WARN_ENUM_CONVERSION = YES;
				CLANG_WARN_INFINITE_RECURSION = YES;
				CLANG_WARN_INT_CONVERSION = YES;
				CLANG_WARN_NON_LITERAL_NULL_CONVERSION = YES;
				CLANG_WARN_OBJC_IMPLICIT_RETAIN_SELF = YES;
				CLANG_WARN_OBJC_LITERAL_CONVERSION = YES;
				CLANG_WARN_OBJC_ROOT_CLASS = YES_ERROR;
				CLANG_WARN_QUOTED_INCLUDE_IN_FRAMEWORK_HEADER = YES;
				CLANG_WARN_RANGE_LOOP_ANALYSIS = YES;
				CLANG_WARN_STRICT_PROTOTYPES = YES;
				CLANG_WARN_SUSPICIOUS_MOVE = YES;
				CLANG_WARN_UNGUARDED_AVAILABILITY = YES_AGGRESSIVE;
				CLANG_WARN_UNREACHABLE_CODE = YES;
				CLANG_WARN__DUPLICATE_METHOD_MATCH = YES;
				COPY_PHASE_STRIP = NO;
				DEBUG_INFORMATION_FORMAT = "dwarf-with-dsym";
				ENABLE_NS_ASSERTIONS = NO;
				ENABLE_STRICT_OBJC_MSGSEND = YES;
				GCC_C_LANGUAGE_STANDARD = gnu11;
				GCC_NO_COMMON_BLOCKS = YES;
				GCC_WARN_64_TO_32_BIT_CONVERSION = YES;
				GCC_WARN_ABOUT_RETURN_TYPE = YES_ERROR;
				GCC_WARN_UNDECLARED_SELECTOR = YES;
				GCC_WARN_UNINITIALIZED_AUTOS = YES_AGGRESSIVE;
				GCC_WARN_UNUSED_FUNCTION = YES;
				GCC_WARN_UNUSED_VARIABLE = YES;
				IPHONEOS_DEPLOYMENT_TARGET = 14.4;
				MTL_ENABLE_DEBUG_INFO = NO;
				MTL_FAST_MATH = YES;
				SDKROOT = iphoneos;
				SWIFT_COMPILATION_MODE = wholemodule;
				SWIFT_OPTIMIZATION_LEVEL = "-O";
				VALIDATE_PRODUCT = YES;
			};
			name = Release;
		};
		BE18BCA02621E99F00282243 /* Debug */ = {
			isa = XCBuildConfiguration;
			buildSettings = {
				ASSETCATALOG_COMPILER_APPICON_NAME = AppIcon;
				ASSETCATALOG_COMPILER_GLOBAL_ACCENT_COLOR_NAME = AccentColor;
				CODE_SIGN_STYLE = Automatic;
				DEVELOPMENT_ASSET_PATHS = "\"LaboSwiftUI/Preview Content\"";
				DEVELOPMENT_TEAM = 2Y8GTVDLY4;
				ENABLE_PREVIEWS = YES;
				INFOPLIST_FILE = LaboSwiftUI/Info.plist;
				IPHONEOS_DEPLOYMENT_TARGET = 15.0;
				LD_RUNPATH_SEARCH_PATHS = (
					"$(inherited)",
					"@executable_path/Frameworks",
				);
				PRODUCT_BUNDLE_IDENTIFIER = com.tsutsuken.LaboSwiftUI;
				PRODUCT_NAME = "$(TARGET_NAME)";
				SWIFT_VERSION = 5.0;
				TARGETED_DEVICE_FAMILY = "1,2";
			};
			name = Debug;
		};
		BE18BCA12621E99F00282243 /* Release */ = {
			isa = XCBuildConfiguration;
			buildSettings = {
				ASSETCATALOG_COMPILER_APPICON_NAME = AppIcon;
				ASSETCATALOG_COMPILER_GLOBAL_ACCENT_COLOR_NAME = AccentColor;
				CODE_SIGN_STYLE = Automatic;
				DEVELOPMENT_ASSET_PATHS = "\"LaboSwiftUI/Preview Content\"";
				DEVELOPMENT_TEAM = 2Y8GTVDLY4;
				ENABLE_PREVIEWS = YES;
				INFOPLIST_FILE = LaboSwiftUI/Info.plist;
				IPHONEOS_DEPLOYMENT_TARGET = 15.0;
				LD_RUNPATH_SEARCH_PATHS = (
					"$(inherited)",
					"@executable_path/Frameworks",
				);
				PRODUCT_BUNDLE_IDENTIFIER = com.tsutsuken.LaboSwiftUI;
				PRODUCT_NAME = "$(TARGET_NAME)";
				SWIFT_VERSION = 5.0;
				TARGETED_DEVICE_FAMILY = "1,2";
			};
			name = Release;
		};
		BE18BCA32621E99F00282243 /* Debug */ = {
			isa = XCBuildConfiguration;
			buildSettings = {
				ALWAYS_EMBED_SWIFT_STANDARD_LIBRARIES = YES;
				BUNDLE_LOADER = "$(TEST_HOST)";
				CODE_SIGN_STYLE = Automatic;
				DEVELOPMENT_TEAM = 2Y8GTVDLY4;
				INFOPLIST_FILE = LaboSwiftUITests/Info.plist;
				IPHONEOS_DEPLOYMENT_TARGET = 14.0;
				LD_RUNPATH_SEARCH_PATHS = (
					"$(inherited)",
					"@executable_path/Frameworks",
					"@loader_path/Frameworks",
				);
				PRODUCT_BUNDLE_IDENTIFIER = com.tsutsuken.LaboSwiftUITests;
				PRODUCT_NAME = "$(TARGET_NAME)";
				SWIFT_VERSION = 5.0;
				TARGETED_DEVICE_FAMILY = "1,2";
				TEST_HOST = "$(BUILT_PRODUCTS_DIR)/LaboSwiftUI.app/LaboSwiftUI";
			};
			name = Debug;
		};
		BE18BCA42621E99F00282243 /* Release */ = {
			isa = XCBuildConfiguration;
			buildSettings = {
				ALWAYS_EMBED_SWIFT_STANDARD_LIBRARIES = YES;
				BUNDLE_LOADER = "$(TEST_HOST)";
				CODE_SIGN_STYLE = Automatic;
				DEVELOPMENT_TEAM = 2Y8GTVDLY4;
				INFOPLIST_FILE = LaboSwiftUITests/Info.plist;
				IPHONEOS_DEPLOYMENT_TARGET = 14.0;
				LD_RUNPATH_SEARCH_PATHS = (
					"$(inherited)",
					"@executable_path/Frameworks",
					"@loader_path/Frameworks",
				);
				PRODUCT_BUNDLE_IDENTIFIER = com.tsutsuken.LaboSwiftUITests;
				PRODUCT_NAME = "$(TARGET_NAME)";
				SWIFT_VERSION = 5.0;
				TARGETED_DEVICE_FAMILY = "1,2";
				TEST_HOST = "$(BUILT_PRODUCTS_DIR)/LaboSwiftUI.app/LaboSwiftUI";
			};
			name = Release;
		};
		BE18BCA62621E99F00282243 /* Debug */ = {
			isa = XCBuildConfiguration;
			buildSettings = {
				ALWAYS_EMBED_SWIFT_STANDARD_LIBRARIES = YES;
				CODE_SIGN_STYLE = Automatic;
				DEVELOPMENT_TEAM = 2Y8GTVDLY4;
				INFOPLIST_FILE = LaboSwiftUIUITests/Info.plist;
				LD_RUNPATH_SEARCH_PATHS = (
					"$(inherited)",
					"@executable_path/Frameworks",
					"@loader_path/Frameworks",
				);
				PRODUCT_BUNDLE_IDENTIFIER = com.tsutsuken.LaboSwiftUIUITests;
				PRODUCT_NAME = "$(TARGET_NAME)";
				SWIFT_VERSION = 5.0;
				TARGETED_DEVICE_FAMILY = "1,2";
				TEST_TARGET_NAME = LaboSwiftUI;
			};
			name = Debug;
		};
		BE18BCA72621E99F00282243 /* Release */ = {
			isa = XCBuildConfiguration;
			buildSettings = {
				ALWAYS_EMBED_SWIFT_STANDARD_LIBRARIES = YES;
				CODE_SIGN_STYLE = Automatic;
				DEVELOPMENT_TEAM = 2Y8GTVDLY4;
				INFOPLIST_FILE = LaboSwiftUIUITests/Info.plist;
				LD_RUNPATH_SEARCH_PATHS = (
					"$(inherited)",
					"@executable_path/Frameworks",
					"@loader_path/Frameworks",
				);
				PRODUCT_BUNDLE_IDENTIFIER = com.tsutsuken.LaboSwiftUIUITests;
				PRODUCT_NAME = "$(TARGET_NAME)";
				SWIFT_VERSION = 5.0;
				TARGETED_DEVICE_FAMILY = "1,2";
				TEST_TARGET_NAME = LaboSwiftUI;
			};
			name = Release;
		};
/* End XCBuildConfiguration section */

/* Begin XCConfigurationList section */
		BE18BC752621E99E00282243 /* Build configuration list for PBXProject "LaboSwiftUI" */ = {
			isa = XCConfigurationList;
			buildConfigurations = (
				BE18BC9D2621E99F00282243 /* Debug */,
				BE18BC9E2621E99F00282243 /* Release */,
			);
			defaultConfigurationIsVisible = 0;
			defaultConfigurationName = Release;
		};
		BE18BC9F2621E99F00282243 /* Build configuration list for PBXNativeTarget "LaboSwiftUI" */ = {
			isa = XCConfigurationList;
			buildConfigurations = (
				BE18BCA02621E99F00282243 /* Debug */,
				BE18BCA12621E99F00282243 /* Release */,
			);
			defaultConfigurationIsVisible = 0;
			defaultConfigurationName = Release;
		};
		BE18BCA22621E99F00282243 /* Build configuration list for PBXNativeTarget "LaboSwiftUITests" */ = {
			isa = XCConfigurationList;
			buildConfigurations = (
				BE18BCA32621E99F00282243 /* Debug */,
				BE18BCA42621E99F00282243 /* Release */,
			);
			defaultConfigurationIsVisible = 0;
			defaultConfigurationName = Release;
		};
		BE18BCA52621E99F00282243 /* Build configuration list for PBXNativeTarget "LaboSwiftUIUITests" */ = {
			isa = XCConfigurationList;
			buildConfigurations = (
				BE18BCA62621E99F00282243 /* Debug */,
				BE18BCA72621E99F00282243 /* Release */,
			);
			defaultConfigurationIsVisible = 0;
			defaultConfigurationName = Release;
		};
/* End XCConfigurationList section */
	};
	rootObject = BE18BC722621E99E00282243 /* Project object */;
}
